
Microsoft Visual Studio Solution File, Format Version 12.00
# Visual Studio Version 17
VisualStudioVersion = 17.14.36401.2 d17.14
MinimumVisualStudioVersion = 10.0.40219.1
Project("{FAE04EC0-301F-11D3-BF4B-00C04F79EFBC}") = "BotAction", "BotAction.csproj", "{CC649CDB-AD13-461F-B27D-0F8BFA9E6E12}"
EndProject
Global
	GlobalSection(SolutionConfigurationPlatforms) = preSolution
		Debug|Any CPU = Debug|Any CPU
		Release|Any CPU = Release|Any CPU
	EndGlobalSection
	GlobalSection(ProjectConfigurationPlatforms) = postSolution
		{CC649CDB-AD13-461F-B27D-0F8BFA9E6E12}.Debug|Any CPU.ActiveCfg = Debug|Any CPU
		{CC649CDB-AD13-461F-B27D-0F8BFA9E6E12}.Debug|Any CPU.Build.0 = Debug|Any CPU
		{CC649CDB-AD13-461F-B27D-0F8BFA9E6E12}.Release|Any CPU.ActiveCfg = Release|Any CPU
		{CC649CDB-AD13-461F-B27D-0F8BFA9E6E12}.Release|Any CPU.Build.0 = Release|Any CPU
	EndGlobalSection
	GlobalSection(SolutionProperties) = preSolution
		HideSolutionNode = FALSE
	EndGlobalSection
	GlobalSection(ExtensibilityGlobals) = postSolution
		SolutionGuid = {6135EA2C-C469-4CC7-9B4C-1BE0156A2D4C}
	EndGlobalSection
EndGlobal
